<?xml version="1.0" encoding="utf-8"?>
<Project ToolsVersion="4.0" xmlns="http://schemas.microsoft.com/developer/msbuild/2003">
  <ItemGroup>
    <Filter Include="Source Files">
      <UniqueIdentifier>{4FC737F1-C7A5-4376-A066-2A32D752A2FF}</UniqueIdentifier>
      <Extensions>cpp;c;cc;cxx;def;odl;idl;hpj;bat;asm;asmx</Extensions>
    </Filter>
    <Filter Include="Header Files">
      <UniqueIdentifier>{93995380-89BD-4b04-88EB-625FBE52EBFB}</UniqueIdentifier>
      <Extensions>h;hh;hpp;hxx;hm;inl;inc;xsd</Extensions>
    </Filter>
    <Filter Include="Resource Files">
      <UniqueIdentifier>{67DA6AB6-F800-4c08-8B7A-83BB121AAD01}</UniqueIdentifier>
      <Extensions>rc;ico;cur;bmp;dlg;rc2;rct;bin;rgs;gif;jpg;jpeg;jpe;resx;tiff;tif;png;wav</Extensions>
    </Filter>
  </ItemGroup>
  <ItemGroup>
    <ClCompile Include="gamerserverclientcombo\Button.cpp">
      <Filter>Source Files</Filter>
    </ClCompile>
    <ClCompile Include="gamerserverclientcombo\Client.cpp">
      <Filter>Source Files</Filter>
    </ClCompile>
    <ClCompile Include="gamerserverclientcombo\ClientMatchmakingPage.cpp">
      <Filter>Source Files</Filter>
    </ClCompile>
    <ClCompile Include="gamerserverclientcombo\ClientPage.cpp">
      <Filter>Source Files</Filter>
    </ClCompile>
    <ClCompile Include="gamerserverclientcombo\GameClient.cpp">
      <Filter>Source Files</Filter>
    </ClCompile>
    <ClCompile Include="gamerserverclientcombo\GameServer.cpp">
      <Filter>Source Files</Filter>
    </ClCompile>
    <ClCompile Include="gamerserverclientcombo\HomePage.cpp">
      <Filter>Source Files</Filter>
    </ClCompile>
    <ClCompile Include="gamerserverclientcombo\IpTextBox.cpp">
      <Filter>Source Files</Filter>
    </ClCompile>
    <ClCompile Include="gamerserverclientcombo\main.cpp">
      <Filter>Source Files</Filter>
    </ClCompile>
    <ClCompile Include="gamerserverclientcombo\MapSystem.cpp">
      <Filter>Source Files</Filter>
    </ClCompile>
    <ClCompile Include="gamerserverclientcombo\MultiplayerPage.cpp">
      <Filter>Source Files</Filter>
    </ClCompile>
    <ClCompile Include="gamerserverclientcombo\NetworkClient.cpp">
      <Filter>Source Files</Filter>
    </ClCompile>
    <ClCompile Include="gamerserverclientcombo\NetworkServer.cpp">
      <Filter>Source Files</Filter>
    </ClCompile>
    <ClCompile Include="gamerserverclientcombo\Page.cpp">
      <Filter>Source Files</Filter>
    </ClCompile>
    <ClCompile Include="gamerserverclientcombo\PortTextBox.cpp">
      <Filter>Source Files</Filter>
    </ClCompile>
    <ClCompile Include="gamerserverclientcombo\Server.cpp">
      <Filter>Source Files</Filter>
    </ClCompile>
    <ClCompile Include="gamerserverclientcombo\ServerCommunicator.cpp">
      <Filter>Source Files</Filter>
    </ClCompile>
    <ClCompile Include="gamerserverclientcombo\ServerPage.cpp">
      <Filter>Source Files</Filter>
    </ClCompile>
    <ClCompile Include="gamerserverclientcombo\SystemsHandler.cpp">
      <Filter>Source Files</Filter>
    </ClCompile>
    <ClCompile Include="gamerserverclientcombo\TcpServer.cpp">
      <Filter>Source Files</Filter>
    </ClCompile>
    <ClCompile Include="gamerserverclientcombo\TextBox.cpp">
      <Filter>Source Files</Filter>
    </ClCompile>
    <ClCompile Include="gamerserverclientcombo\View.cpp">
      <Filter>Source Files</Filter>
    </ClCompile>
    <ClCompile Include="GamerServerClientCombo\ResourcePath.cpp">
      <Filter>Source Files</Filter>
    </ClCompile>
    <ClCompile Include="GamerServerClientCombo\PlayerSystem.cpp">
      <Filter>Source Files</Filter>
    </ClCompile>
    <ClCompile Include="Graph.cpp">
      <Filter>Source Files</Filter>
    </ClCompile>
    <ClCompile Include="GamerServerClientCombo\utility.cpp">
      <Filter>Source Files</Filter>
    </ClCompile>
  </ItemGroup>
  <ItemGroup>
    <ClInclude Include="gamerserverclientcombo\AvatarSystem.hpp">
      <Filter>Header Files</Filter>
    </ClInclude>
    <ClInclude Include="gamerserverclientcombo\Button.hpp">
      <Filter>Header Files</Filter>
    </ClInclude>
    <ClInclude Include="gamerserverclientcombo\Client.hpp">
      <Filter>Header Files</Filter>
    </ClInclude>
    <ClInclude Include="gamerserverclientcombo\ClientMatchmakingPage.hpp">
      <Filter>Header Files</Filter>
    </ClInclude>
    <ClInclude Include="gamerserverclientcombo\ClientPage.hpp">
      <Filter>Header Files</Filter>
    </ClInclude>
    <ClInclude Include="gamerserverclientcombo\Entities.hpp">
      <Filter>Header Files</Filter>
    </ClInclude>
    <ClInclude Include="gamerserverclientcombo\GameClient.hpp">
      <Filter>Header Files</Filter>
    </ClInclude>
    <ClInclude Include="gamerserverclientcombo\GameServer.hpp">
      <Filter>Header Files</Filter>
    </ClInclude>
    <ClInclude Include="gamerserverclientcombo\HomePage.hpp">
      <Filter>Header Files</Filter>
    </ClInclude>
    <ClInclude Include="gamerserverclientcombo\InputState.hpp">
      <Filter>Header Files</Filter>
    </ClInclude>
    <ClInclude Include="gamerserverclientcombo\IpTextBox.hpp">
      <Filter>Header Files</Filter>
    </ClInclude>
    <ClInclude Include="gamerserverclientcombo\Map.hpp">
      <Filter>Header Files</Filter>
    </ClInclude>
    <ClInclude Include="gamerserverclientcombo\MapSystem.hpp">
      <Filter>Header Files</Filter>
    </ClInclude>
    <ClInclude Include="gamerserverclientcombo\MultiplayerPage.hpp">
      <Filter>Header Files</Filter>
    </ClInclude>
    <ClInclude Include="gamerserverclientcombo\NetworkClient.hpp">
      <Filter>Header Files</Filter>
    </ClInclude>
    <ClInclude Include="gamerserverclientcombo\NetworkServer.hpp">
      <Filter>Header Files</Filter>
    </ClInclude>
    <ClInclude Include="gamerserverclientcombo\Page.hpp">
      <Filter>Header Files</Filter>
    </ClInclude>
    <ClInclude Include="gamerserverclientcombo\PortTextBox.hpp">
      <Filter>Header Files</Filter>
    </ClInclude>
    <ClInclude Include="gamerserverclientcombo\ResourcePath.hpp">
      <Filter>Header Files</Filter>
    </ClInclude>
    <ClInclude Include="gamerserverclientcombo\Server.hpp">
      <Filter>Header Files</Filter>
    </ClInclude>
    <ClInclude Include="gamerserverclientcombo\ServerCommunicator.hpp">
      <Filter>Header Files</Filter>
    </ClInclude>
    <ClInclude Include="gamerserverclientcombo\ServerPage.hpp">
      <Filter>Header Files</Filter>
    </ClInclude>
    <ClInclude Include="gamerserverclientcombo\Soldier.hpp">
      <Filter>Header Files</Filter>
    </ClInclude>
    <ClInclude Include="gamerserverclientcombo\SystemsHandler.hpp">
      <Filter>Header Files</Filter>
    </ClInclude>
    <ClInclude Include="gamerserverclientcombo\TcpServer.hpp">
      <Filter>Header Files</Filter>
    </ClInclude>
    <ClInclude Include="gamerserverclientcombo\TextBox.hpp">
      <Filter>Header Files</Filter>
    </ClInclude>
    <ClInclude Include="gamerserverclientcombo\View.hpp">
      <Filter>Header Files</Filter>
    </ClInclude>
    <ClInclude Include="gamerserverclientcombo\Wall.hpp">
      <Filter>Header Files</Filter>
    </ClInclude>
    <ClInclude Include="Graph.hpp">
      <Filter>Header Files</Filter>
    </ClInclude>
    <ClInclude Include="GamerServerClientCombo\Waypoint.hpp">
      <Filter>Header Files</Filter>
    </ClInclude>
  </ItemGroup>
  <ItemGroup>
    <None Include="useful info\1. Overview.html" />
    <None Include="useful info\2. Games and Lag.html" />
  </ItemGroup>
</Project>