// !$*UTF8*$!
{
	archiveVersion = 1;
	classes = {
	};
	objectVersion = 46;
	objects = {

/* Begin PBXBuildFile section */
		283004341BD453FC0000910C /* util.cpp in Sources */ = {isa = PBXBuildFile; fileRef = 283004321BD453FC0000910C /* util.cpp */; };
		28316C0B1BD2A36300CBFE63 /* alpha.txt in Resources */ = {isa = PBXBuildFile; fileRef = 28316C0A1BD2A36300CBFE63 /* alpha.txt */; };
		28316C111BD2A62200CBFE63 /* MapSystem.cpp in Sources */ = {isa = PBXBuildFile; fileRef = 28316C0F1BD2A62200CBFE63 /* MapSystem.cpp */; };
		28316C1D1BD2F69F00CBFE63 /* PlayerSystem.cpp in Sources */ = {isa = PBXBuildFile; fileRef = 28316C1B1BD2F69F00CBFE63 /* PlayerSystem.cpp */; };
		28316C201BD2F70D00CBFE63 /* BotSoldierSystem.cpp in Sources */ = {isa = PBXBuildFile; fileRef = 28316C1E1BD2F70D00CBFE63 /* BotSoldierSystem.cpp */; };
		28434D0E1B753037008A51AC /* sansation.ttf in Resources */ = {isa = PBXBuildFile; fileRef = 28434D0D1B753037008A51AC /* sansation.ttf */; };
		28434D101B753037008A51AC /* icon.png in Resources */ = {isa = PBXBuildFile; fileRef = 28434D0F1B753037008A51AC /* icon.png */; };
		287BE2281BCAE86F0012EDE4 /* main.cpp in Sources */ = {isa = PBXBuildFile; fileRef = 287BE21F1BCAE86F0012EDE4 /* main.cpp */; };
		287BE2291BCAE86F0012EDE4 /* NetworkClient.cpp in Sources */ = {isa = PBXBuildFile; fileRef = 287BE2201BCAE86F0012EDE4 /* NetworkClient.cpp */; };
		287BE22A1BCAE86F0012EDE4 /* NetworkServer.cpp in Sources */ = {isa = PBXBuildFile; fileRef = 287BE2221BCAE86F0012EDE4 /* NetworkServer.cpp */; };
		287BE22B1BCAE86F0012EDE4 /* ServerCommunicator.cpp in Sources */ = {isa = PBXBuildFile; fileRef = 287BE2241BCAE86F0012EDE4 /* ServerCommunicator.cpp */; };
		287BE22C1BCAE86F0012EDE4 /* TcpServer.cpp in Sources */ = {isa = PBXBuildFile; fileRef = 287BE2261BCAE86F0012EDE4 /* TcpServer.cpp */; };
		28A52A811BC4113C001ED83C /* SystemsHandler.cpp in Sources */ = {isa = PBXBuildFile; fileRef = 28A52A7F1BC4113C001ED83C /* SystemsHandler.cpp */; };
		28A52A841BC41171001ED83C /* View.cpp in Sources */ = {isa = PBXBuildFile; fileRef = 28A52A821BC41171001ED83C /* View.cpp */; };
		28CB38F81BCB1FFF006B1BFA /* ResourcePath.mm in Sources */ = {isa = PBXBuildFile; fileRef = 28CB38F71BCB1FFF006B1BFA /* ResourcePath.mm */; };
		28F2AA521BE69E2A00F7227F /* GameClient.cpp in Sources */ = {isa = PBXBuildFile; fileRef = 28F2AA4F1BE69E2A00F7227F /* GameClient.cpp */; };
		28F2AA571BE69E3F00F7227F /* GameServer.cpp in Sources */ = {isa = PBXBuildFile; fileRef = 28F2AA531BE69E3F00F7227F /* GameServer.cpp */; };
		28F2AA581BE69E3F00F7227F /* Server.cpp in Sources */ = {isa = PBXBuildFile; fileRef = 28F2AA541BE69E3F00F7227F /* Server.cpp */; };
		28F2AA591BE69E3F00F7227F /* ServerPage.cpp in Sources */ = {isa = PBXBuildFile; fileRef = 28F2AA561BE69E3F00F7227F /* ServerPage.cpp */; };
		28F2AA6E1BE69E6400F7227F /* Button.cpp in Sources */ = {isa = PBXBuildFile; fileRef = 28F2AA5E1BE69E6400F7227F /* Button.cpp */; };
		28F2AA6F1BE69E6400F7227F /* ClientMatchmakingPage.cpp in Sources */ = {isa = PBXBuildFile; fileRef = 28F2AA601BE69E6400F7227F /* ClientMatchmakingPage.cpp */; };
		28F2AA701BE69E6400F7227F /* ClientPage.cpp in Sources */ = {isa = PBXBuildFile; fileRef = 28F2AA621BE69E6400F7227F /* ClientPage.cpp */; };
		28F2AA711BE69E6400F7227F /* HomePage.cpp in Sources */ = {isa = PBXBuildFile; fileRef = 28F2AA641BE69E6400F7227F /* HomePage.cpp */; };
		28F2AA721BE69E6400F7227F /* IpTextBox.cpp in Sources */ = {isa = PBXBuildFile; fileRef = 28F2AA661BE69E6400F7227F /* IpTextBox.cpp */; };
		28F2AA731BE69E6400F7227F /* MultiplayerPage.cpp in Sources */ = {isa = PBXBuildFile; fileRef = 28F2AA681BE69E6400F7227F /* MultiplayerPage.cpp */; };
		28F2AA741BE69E6400F7227F /* Page.cpp in Sources */ = {isa = PBXBuildFile; fileRef = 28F2AA6A1BE69E6400F7227F /* Page.cpp */; };
		28F2AA751BE69E6400F7227F /* PortTextBox.cpp in Sources */ = {isa = PBXBuildFile; fileRef = 28F2AA6B1BE69E6400F7227F /* PortTextBox.cpp */; };
		28F2AA761BE69E6400F7227F /* TextBox.cpp in Sources */ = {isa = PBXBuildFile; fileRef = 28F2AA6D1BE69E6400F7227F /* TextBox.cpp */; };
		28F2AA781BE69E7B00F7227F /* Client.cpp in Sources */ = {isa = PBXBuildFile; fileRef = 28F2AA771BE69E7B00F7227F /* Client.cpp */; };
		28F2AA7F1BE69F7100F7227F /* Graph.cpp in Sources */ = {isa = PBXBuildFile; fileRef = 28F2AA7D1BE69F7100F7227F /* Graph.cpp */; };
/* End PBXBuildFile section */

/* Begin PBXFileReference section */
		283004321BD453FC0000910C /* util.cpp */ = {isa = PBXFileReference; fileEncoding = 4; lastKnownFileType = sourcecode.cpp.cpp; path = util.cpp; sourceTree = "<group>"; };
		283004331BD453FC0000910C /* util.hpp */ = {isa = PBXFileReference; fileEncoding = 4; lastKnownFileType = sourcecode.cpp.h; path = util.hpp; sourceTree = "<group>"; };
		28316C051BD2A03200CBFE63 /* Wall.hpp */ = {isa = PBXFileReference; fileEncoding = 4; lastKnownFileType = sourcecode.cpp.h; path = Wall.hpp; sourceTree = "<group>"; };
		28316C081BD2A0FF00CBFE63 /* Map.hpp */ = {isa = PBXFileReference; fileEncoding = 4; lastKnownFileType = sourcecode.cpp.h; path = Map.hpp; sourceTree = "<group>"; };
		28316C0A1BD2A36300CBFE63 /* alpha.txt */ = {isa = PBXFileReference; fileEncoding = 4; lastKnownFileType = text; path = alpha.txt; sourceTree = "<group>"; };
		28316C0F1BD2A62200CBFE63 /* MapSystem.cpp */ = {isa = PBXFileReference; fileEncoding = 4; lastKnownFileType = sourcecode.cpp.cpp; path = MapSystem.cpp; sourceTree = "<group>"; };
		28316C101BD2A62200CBFE63 /* MapSystem.hpp */ = {isa = PBXFileReference; fileEncoding = 4; lastKnownFileType = sourcecode.cpp.h; path = MapSystem.hpp; sourceTree = "<group>"; };
		28316C131BD2EC8500CBFE63 /* Player.hpp */ = {isa = PBXFileReference; fileEncoding = 4; lastKnownFileType = sourcecode.cpp.h; path = Player.hpp; sourceTree = "<group>"; };
		28316C161BD2F3E300CBFE63 /* Waypoint.hpp */ = {isa = PBXFileReference; fileEncoding = 4; lastKnownFileType = sourcecode.cpp.h; path = Waypoint.hpp; sourceTree = "<group>"; };
		28316C191BD2F56400CBFE63 /* BotSoldier.hpp */ = {isa = PBXFileReference; fileEncoding = 4; lastKnownFileType = sourcecode.cpp.h; path = BotSoldier.hpp; sourceTree = "<group>"; };
		28316C1B1BD2F69F00CBFE63 /* PlayerSystem.cpp */ = {isa = PBXFileReference; fileEncoding = 4; lastKnownFileType = sourcecode.cpp.cpp; path = PlayerSystem.cpp; sourceTree = "<group>"; };
		28316C1C1BD2F69F00CBFE63 /* PlayerSystem.hpp */ = {isa = PBXFileReference; fileEncoding = 4; lastKnownFileType = sourcecode.cpp.h; path = PlayerSystem.hpp; sourceTree = "<group>"; };
		28316C1E1BD2F70D00CBFE63 /* BotSoldierSystem.cpp */ = {isa = PBXFileReference; fileEncoding = 4; lastKnownFileType = sourcecode.cpp.cpp; path = BotSoldierSystem.cpp; sourceTree = "<group>"; };
		28316C1F1BD2F70D00CBFE63 /* BotSoldierSystem.hpp */ = {isa = PBXFileReference; fileEncoding = 4; lastKnownFileType = sourcecode.cpp.h; path = BotSoldierSystem.hpp; sourceTree = "<group>"; };
		28434CFE1B753036008A51AC /* GamerServerClientCombo.app */ = {isa = PBXFileReference; explicitFileType = wrapper.application; includeInIndex = 0; path = GamerServerClientCombo.app; sourceTree = BUILT_PRODUCTS_DIR; };
		28434D021B753036008A51AC /* GamerServerClientCombo-Info.plist */ = {isa = PBXFileReference; lastKnownFileType = text.plist.xml; path = "GamerServerClientCombo-Info.plist"; sourceTree = "<group>"; };
		28434D0D1B753037008A51AC /* sansation.ttf */ = {isa = PBXFileReference; lastKnownFileType = file; path = sansation.ttf; sourceTree = "<group>"; };
		28434D0F1B753037008A51AC /* icon.png */ = {isa = PBXFileReference; lastKnownFileType = image.png; path = icon.png; sourceTree = "<group>"; };
		287BE21F1BCAE86F0012EDE4 /* main.cpp */ = {isa = PBXFileReference; fileEncoding = 4; lastKnownFileType = sourcecode.cpp.cpp; name = main.cpp; path = GamerServerClientCombo/main.cpp; sourceTree = SOURCE_ROOT; };
		287BE2201BCAE86F0012EDE4 /* NetworkClient.cpp */ = {isa = PBXFileReference; fileEncoding = 4; lastKnownFileType = sourcecode.cpp.cpp; name = NetworkClient.cpp; path = GamerServerClientCombo/NetworkClient.cpp; sourceTree = SOURCE_ROOT; };
		287BE2211BCAE86F0012EDE4 /* NetworkClient.hpp */ = {isa = PBXFileReference; fileEncoding = 4; lastKnownFileType = sourcecode.cpp.h; name = NetworkClient.hpp; path = GamerServerClientCombo/NetworkClient.hpp; sourceTree = SOURCE_ROOT; };
		287BE2221BCAE86F0012EDE4 /* NetworkServer.cpp */ = {isa = PBXFileReference; fileEncoding = 4; lastKnownFileType = sourcecode.cpp.cpp; name = NetworkServer.cpp; path = GamerServerClientCombo/NetworkServer.cpp; sourceTree = SOURCE_ROOT; };
		287BE2231BCAE86F0012EDE4 /* NetworkServer.hpp */ = {isa = PBXFileReference; fileEncoding = 4; lastKnownFileType = sourcecode.cpp.h; name = NetworkServer.hpp; path = GamerServerClientCombo/NetworkServer.hpp; sourceTree = SOURCE_ROOT; };
		287BE2241BCAE86F0012EDE4 /* ServerCommunicator.cpp */ = {isa = PBXFileReference; fileEncoding = 4; lastKnownFileType = sourcecode.cpp.cpp; name = ServerCommunicator.cpp; path = GamerServerClientCombo/ServerCommunicator.cpp; sourceTree = SOURCE_ROOT; };
		287BE2251BCAE86F0012EDE4 /* ServerCommunicator.hpp */ = {isa = PBXFileReference; fileEncoding = 4; lastKnownFileType = sourcecode.cpp.h; name = ServerCommunicator.hpp; path = GamerServerClientCombo/ServerCommunicator.hpp; sourceTree = SOURCE_ROOT; };
		287BE2261BCAE86F0012EDE4 /* TcpServer.cpp */ = {isa = PBXFileReference; fileEncoding = 4; lastKnownFileType = sourcecode.cpp.cpp; name = TcpServer.cpp; path = GamerServerClientCombo/TcpServer.cpp; sourceTree = SOURCE_ROOT; };
		287BE2271BCAE86F0012EDE4 /* TcpServer.hpp */ = {isa = PBXFileReference; fileEncoding = 4; lastKnownFileType = sourcecode.cpp.h; name = TcpServer.hpp; path = GamerServerClientCombo/TcpServer.hpp; sourceTree = SOURCE_ROOT; };
		28A52A7A1BC410D7001ED83C /* InputState.hpp */ = {isa = PBXFileReference; fileEncoding = 4; lastKnownFileType = sourcecode.cpp.h; path = InputState.hpp; sourceTree = "<group>"; };
		28A52A7F1BC4113C001ED83C /* SystemsHandler.cpp */ = {isa = PBXFileReference; fileEncoding = 4; lastKnownFileType = sourcecode.cpp.cpp; path = SystemsHandler.cpp; sourceTree = "<group>"; };
		28A52A801BC4113C001ED83C /* SystemsHandler.hpp */ = {isa = PBXFileReference; fileEncoding = 4; lastKnownFileType = sourcecode.cpp.h; path = SystemsHandler.hpp; sourceTree = "<group>"; };
		28A52A821BC41171001ED83C /* View.cpp */ = {isa = PBXFileReference; fileEncoding = 4; lastKnownFileType = sourcecode.cpp.cpp; path = View.cpp; sourceTree = "<group>"; };
		28A52A831BC41171001ED83C /* View.hpp */ = {isa = PBXFileReference; fileEncoding = 4; lastKnownFileType = sourcecode.cpp.h; path = View.hpp; sourceTree = "<group>"; };
		28A52A861BC41270001ED83C /* Entities.hpp */ = {isa = PBXFileReference; fileEncoding = 4; lastKnownFileType = sourcecode.cpp.h; path = Entities.hpp; sourceTree = "<group>"; };
		28CB38F71BCB1FFF006B1BFA /* ResourcePath.mm */ = {isa = PBXFileReference; fileEncoding = 4; lastKnownFileType = sourcecode.cpp.objcpp; path = ResourcePath.mm; sourceTree = "<group>"; };
		28CB66161B9DD6B700833E69 /* ResourcePath.hpp */ = {isa = PBXFileReference; fileEncoding = 4; lastKnownFileType = sourcecode.cpp.h; path = ResourcePath.hpp; sourceTree = "<group>"; };
		28F2AA4F1BE69E2A00F7227F /* GameClient.cpp */ = {isa = PBXFileReference; fileEncoding = 4; lastKnownFileType = sourcecode.cpp.cpp; name = GameClient.cpp; path = GamerServerClientCombo/GameClient.cpp; sourceTree = SOURCE_ROOT; };
		28F2AA501BE69E2A00F7227F /* GameClient.hpp */ = {isa = PBXFileReference; fileEncoding = 4; lastKnownFileType = sourcecode.cpp.h; name = GameClient.hpp; path = GamerServerClientCombo/GameClient.hpp; sourceTree = SOURCE_ROOT; };
		28F2AA511BE69E2A00F7227F /* Client.hpp */ = {isa = PBXFileReference; fileEncoding = 4; lastKnownFileType = sourcecode.cpp.h; name = Client.hpp; path = GamerServerClientCombo/Client.hpp; sourceTree = SOURCE_ROOT; };
		28F2AA531BE69E3F00F7227F /* GameServer.cpp */ = {isa = PBXFileReference; fileEncoding = 4; lastKnownFileType = sourcecode.cpp.cpp; name = GameServer.cpp; path = GamerServerClientCombo/GameServer.cpp; sourceTree = SOURCE_ROOT; };
		28F2AA541BE69E3F00F7227F /* Server.cpp */ = {isa = PBXFileReference; fileEncoding = 4; lastKnownFileType = sourcecode.cpp.cpp; name = Server.cpp; path = GamerServerClientCombo/Server.cpp; sourceTree = SOURCE_ROOT; };
		28F2AA551BE69E3F00F7227F /* Server.hpp */ = {isa = PBXFileReference; fileEncoding = 4; lastKnownFileType = sourcecode.cpp.h; name = Server.hpp; path = GamerServerClientCombo/Server.hpp; sourceTree = SOURCE_ROOT; };
		28F2AA561BE69E3F00F7227F /* ServerPage.cpp */ = {isa = PBXFileReference; fileEncoding = 4; lastKnownFileType = sourcecode.cpp.cpp; name = ServerPage.cpp; path = GamerServerClientCombo/ServerPage.cpp; sourceTree = SOURCE_ROOT; };
		28F2AA5B1BE69E6400F7227F /* Page.hpp */ = {isa = PBXFileReference; fileEncoding = 4; lastKnownFileType = sourcecode.cpp.h; name = Page.hpp; path = GamerServerClientCombo/Page.hpp; sourceTree = SOURCE_ROOT; };
		28F2AA5C1BE69E6400F7227F /* ServerPage.hpp */ = {isa = PBXFileReference; fileEncoding = 4; lastKnownFileType = sourcecode.cpp.h; name = ServerPage.hpp; path = GamerServerClientCombo/ServerPage.hpp; sourceTree = SOURCE_ROOT; };
		28F2AA5D1BE69E6400F7227F /* TextBox.hpp */ = {isa = PBXFileReference; fileEncoding = 4; lastKnownFileType = sourcecode.cpp.h; name = TextBox.hpp; path = GamerServerClientCombo/TextBox.hpp; sourceTree = SOURCE_ROOT; };
		28F2AA5E1BE69E6400F7227F /* Button.cpp */ = {isa = PBXFileReference; fileEncoding = 4; lastKnownFileType = sourcecode.cpp.cpp; name = Button.cpp; path = GamerServerClientCombo/Button.cpp; sourceTree = SOURCE_ROOT; };
		28F2AA5F1BE69E6400F7227F /* Button.hpp */ = {isa = PBXFileReference; fileEncoding = 4; lastKnownFileType = sourcecode.cpp.h; name = Button.hpp; path = GamerServerClientCombo/Button.hpp; sourceTree = SOURCE_ROOT; };
		28F2AA601BE69E6400F7227F /* ClientMatchmakingPage.cpp */ = {isa = PBXFileReference; fileEncoding = 4; lastKnownFileType = sourcecode.cpp.cpp; name = ClientMatchmakingPage.cpp; path = GamerServerClientCombo/ClientMatchmakingPage.cpp; sourceTree = SOURCE_ROOT; };
		28F2AA611BE69E6400F7227F /* ClientMatchmakingPage.hpp */ = {isa = PBXFileReference; fileEncoding = 4; lastKnownFileType = sourcecode.cpp.h; name = ClientMatchmakingPage.hpp; path = GamerServerClientCombo/ClientMatchmakingPage.hpp; sourceTree = SOURCE_ROOT; };
		28F2AA621BE69E6400F7227F /* ClientPage.cpp */ = {isa = PBXFileReference; fileEncoding = 4; lastKnownFileType = sourcecode.cpp.cpp; name = ClientPage.cpp; path = GamerServerClientCombo/ClientPage.cpp; sourceTree = SOURCE_ROOT; };
		28F2AA631BE69E6400F7227F /* ClientPage.hpp */ = {isa = PBXFileReference; fileEncoding = 4; lastKnownFileType = sourcecode.cpp.h; name = ClientPage.hpp; path = GamerServerClientCombo/ClientPage.hpp; sourceTree = SOURCE_ROOT; };
		28F2AA641BE69E6400F7227F /* HomePage.cpp */ = {isa = PBXFileReference; fileEncoding = 4; lastKnownFileType = sourcecode.cpp.cpp; name = HomePage.cpp; path = GamerServerClientCombo/HomePage.cpp; sourceTree = SOURCE_ROOT; };
		28F2AA651BE69E6400F7227F /* HomePage.hpp */ = {isa = PBXFileReference; fileEncoding = 4; lastKnownFileType = sourcecode.cpp.h; name = HomePage.hpp; path = GamerServerClientCombo/HomePage.hpp; sourceTree = SOURCE_ROOT; };
		28F2AA661BE69E6400F7227F /* IpTextBox.cpp */ = {isa = PBXFileReference; fileEncoding = 4; lastKnownFileType = sourcecode.cpp.cpp; name = IpTextBox.cpp; path = GamerServerClientCombo/IpTextBox.cpp; sourceTree = SOURCE_ROOT; };
		28F2AA671BE69E6400F7227F /* IpTextBox.hpp */ = {isa = PBXFileReference; fileEncoding = 4; lastKnownFileType = sourcecode.cpp.h; name = IpTextBox.hpp; path = GamerServerClientCombo/IpTextBox.hpp; sourceTree = SOURCE_ROOT; };
		28F2AA681BE69E6400F7227F /* MultiplayerPage.cpp */ = {isa = PBXFileReference; fileEncoding = 4; lastKnownFileType = sourcecode.cpp.cpp; name = MultiplayerPage.cpp; path = GamerServerClientCombo/MultiplayerPage.cpp; sourceTree = SOURCE_ROOT; };
		28F2AA691BE69E6400F7227F /* MultiplayerPage.hpp */ = {isa = PBXFileReference; fileEncoding = 4; lastKnownFileType = sourcecode.cpp.h; name = MultiplayerPage.hpp; path = GamerServerClientCombo/MultiplayerPage.hpp; sourceTree = SOURCE_ROOT; };
		28F2AA6A1BE69E6400F7227F /* Page.cpp */ = {isa = PBXFileReference; fileEncoding = 4; lastKnownFileType = sourcecode.cpp.cpp; name = Page.cpp; path = GamerServerClientCombo/Page.cpp; sourceTree = SOURCE_ROOT; };
		28F2AA6B1BE69E6400F7227F /* PortTextBox.cpp */ = {isa = PBXFileReference; fileEncoding = 4; lastKnownFileType = sourcecode.cpp.cpp; name = PortTextBox.cpp; path = GamerServerClientCombo/PortTextBox.cpp; sourceTree = SOURCE_ROOT; };
		28F2AA6C1BE69E6400F7227F /* PortTextBox.hpp */ = {isa = PBXFileReference; fileEncoding = 4; lastKnownFileType = sourcecode.cpp.h; name = PortTextBox.hpp; path = GamerServerClientCombo/PortTextBox.hpp; sourceTree = SOURCE_ROOT; };
		28F2AA6D1BE69E6400F7227F /* TextBox.cpp */ = {isa = PBXFileReference; fileEncoding = 4; lastKnownFileType = sourcecode.cpp.cpp; name = TextBox.cpp; path = GamerServerClientCombo/TextBox.cpp; sourceTree = SOURCE_ROOT; };
		28F2AA771BE69E7B00F7227F /* Client.cpp */ = {isa = PBXFileReference; fileEncoding = 4; lastKnownFileType = sourcecode.cpp.cpp; name = Client.cpp; path = GamerServerClientCombo/Client.cpp; sourceTree = SOURCE_ROOT; };
		28F2AA7C1BE69E9A00F7227F /* GameServer.hpp */ = {isa = PBXFileReference; fileEncoding = 4; lastKnownFileType = sourcecode.cpp.h; name = GameServer.hpp; path = GamerServerClientCombo/GameServer.hpp; sourceTree = SOURCE_ROOT; };
		28F2AA7D1BE69F7100F7227F /* Graph.cpp */ = {isa = PBXFileReference; fileEncoding = 4; lastKnownFileType = sourcecode.cpp.cpp; path = Graph.cpp; sourceTree = "<group>"; };
		28F2AA7E1BE69F7100F7227F /* Graph.hpp */ = {isa = PBXFileReference; fileEncoding = 4; lastKnownFileType = sourcecode.cpp.h; path = Graph.hpp; sourceTree = "<group>"; };
/* End PBXFileReference section */

/* Begin PBXFrameworksBuildPhase section */
		28434CFA1B753036008A51AC /* Frameworks */ = {
			isa = PBXFrameworksBuildPhase;
			buildActionMask = 2147483647;
			files = (
			);
			runOnlyForDeploymentPostprocessing = 0;
		};
/* End PBXFrameworksBuildPhase section */

/* Begin PBXGroup section */
		28316C211BD2FB2700CBFE63 /* Dynamic */ = {
			isa = PBXGroup;
			children = (
				28316C1B1BD2F69F00CBFE63 /* PlayerSystem.cpp */,
				28316C1C1BD2F69F00CBFE63 /* PlayerSystem.hpp */,
				28316C1E1BD2F70D00CBFE63 /* BotSoldierSystem.cpp */,
				28316C1F1BD2F70D00CBFE63 /* BotSoldierSystem.hpp */,
				28A52A7A1BC410D7001ED83C /* InputState.hpp */,
				28316C191BD2F56400CBFE63 /* BotSoldier.hpp */,
				28316C131BD2EC8500CBFE63 /* Player.hpp */,
			);
			name = Dynamic;
			sourceTree = "<group>";
		};
		28316C221BD2FB3700CBFE63 /* Static */ = {
			isa = PBXGroup;
			children = (
				28316C0F1BD2A62200CBFE63 /* MapSystem.cpp */,
				28316C101BD2A62200CBFE63 /* MapSystem.hpp */,
				28316C081BD2A0FF00CBFE63 /* Map.hpp */,
				28316C051BD2A03200CBFE63 /* Wall.hpp */,
				28316C161BD2F3E300CBFE63 /* Waypoint.hpp */,
			);
			name = Static;
			sourceTree = "<group>";
		};
		28434CF41B753036008A51AC = {
			isa = PBXGroup;
			children = (
				28434D001B753036008A51AC /* GamerServerClientCombo */,
				28434CFF1B753036008A51AC /* Products */,
			);
			sourceTree = "<group>";
		};
		28434CFF1B753036008A51AC /* Products */ = {
			isa = PBXGroup;
			children = (
				28434CFE1B753036008A51AC /* GamerServerClientCombo.app */,
			);
			name = Products;
			sourceTree = "<group>";
		};
		28434D001B753036008A51AC /* GamerServerClientCombo */ = {
			isa = PBXGroup;
			children = (
				284925771BD17D9F00FAC88E /* Big-Picture */,
				28316C211BD2FB2700CBFE63 /* Dynamic */,
				28316C221BD2FB3700CBFE63 /* Static */,
				28434D081B753036008A51AC /* Resources */,
				28CB66031B9DD67F00833E69 /* Ignore Me */,
			);
			path = GamerServerClientCombo;
			sourceTree = "<group>";
		};
		28434D081B753036008A51AC /* Resources */ = {
			isa = PBXGroup;
			children = (
				28316C0A1BD2A36300CBFE63 /* alpha.txt */,
				283004321BD453FC0000910C /* util.cpp */,
				283004331BD453FC0000910C /* util.hpp */,
				28434D0D1B753037008A51AC /* sansation.ttf */,
				28F2AA7D1BE69F7100F7227F /* Graph.cpp */,
				28F2AA7E1BE69F7100F7227F /* Graph.hpp */,
				28434D0F1B753037008A51AC /* icon.png */,
				28CB66161B9DD6B700833E69 /* ResourcePath.hpp */,
				28CB38F71BCB1FFF006B1BFA /* ResourcePath.mm */,
				28434D021B753036008A51AC /* GamerServerClientCombo-Info.plist */,
			);
			name = Resources;
			sourceTree = "<group>";
		};
		284925771BD17D9F00FAC88E /* Big-Picture */ = {
			isa = PBXGroup;
			children = (
				28A52A821BC41171001ED83C /* View.cpp */,
				28A52A831BC41171001ED83C /* View.hpp */,
				28A52A861BC41270001ED83C /* Entities.hpp */,
				28A52A7F1BC4113C001ED83C /* SystemsHandler.cpp */,
				28A52A801BC4113C001ED83C /* SystemsHandler.hpp */,
			);
			name = "Big-Picture";
			sourceTree = "<group>";
		};
		2849257B1BD17E6100FAC88E /* Server */ = {
			isa = PBXGroup;
			children = (
				287BE2221BCAE86F0012EDE4 /* NetworkServer.cpp */,
				28F2AA531BE69E3F00F7227F /* GameServer.cpp */,
				28F2AA7C1BE69E9A00F7227F /* GameServer.hpp */,
				28F2AA541BE69E3F00F7227F /* Server.cpp */,
				28F2AA551BE69E3F00F7227F /* Server.hpp */,
				28F2AA561BE69E3F00F7227F /* ServerPage.cpp */,
				287BE2231BCAE86F0012EDE4 /* NetworkServer.hpp */,
				287BE2261BCAE86F0012EDE4 /* TcpServer.cpp */,
				287BE2271BCAE86F0012EDE4 /* TcpServer.hpp */,
			);
			name = Server;
			sourceTree = "<group>";
		};
		2849257C1BD17E6A00FAC88E /* Client */ = {
			isa = PBXGroup;
			children = (
				287BE2201BCAE86F0012EDE4 /* NetworkClient.cpp */,
				28F2AA4F1BE69E2A00F7227F /* GameClient.cpp */,
				28F2AA501BE69E2A00F7227F /* GameClient.hpp */,
				28F2AA511BE69E2A00F7227F /* Client.hpp */,
				28F2AA771BE69E7B00F7227F /* Client.cpp */,
				287BE2211BCAE86F0012EDE4 /* NetworkClient.hpp */,
			);
			name = Client;
			sourceTree = "<group>";
		};
		28CB66031B9DD67F00833E69 /* Ignore Me */ = {
			isa = PBXGroup;
			children = (
				28F2AA5A1BE69E4600F7227F /* Menu */,
				2849257B1BD17E6100FAC88E /* Server */,
				2849257C1BD17E6A00FAC88E /* Client */,
				287BE21F1BCAE86F0012EDE4 /* main.cpp */,
				287BE2241BCAE86F0012EDE4 /* ServerCommunicator.cpp */,
				287BE2251BCAE86F0012EDE4 /* ServerCommunicator.hpp */,
			);
			path = "Ignore Me";
			sourceTree = "<group>";
		};
		28F2AA5A1BE69E4600F7227F /* Menu */ = {
			isa = PBXGroup;
			children = (
				28F2AA5B1BE69E6400F7227F /* Page.hpp */,
				28F2AA5C1BE69E6400F7227F /* ServerPage.hpp */,
				28F2AA5D1BE69E6400F7227F /* TextBox.hpp */,
				28F2AA5E1BE69E6400F7227F /* Button.cpp */,
				28F2AA5F1BE69E6400F7227F /* Button.hpp */,
				28F2AA601BE69E6400F7227F /* ClientMatchmakingPage.cpp */,
				28F2AA611BE69E6400F7227F /* ClientMatchmakingPage.hpp */,
				28F2AA621BE69E6400F7227F /* ClientPage.cpp */,
				28F2AA631BE69E6400F7227F /* ClientPage.hpp */,
				28F2AA641BE69E6400F7227F /* HomePage.cpp */,
				28F2AA651BE69E6400F7227F /* HomePage.hpp */,
				28F2AA661BE69E6400F7227F /* IpTextBox.cpp */,
				28F2AA671BE69E6400F7227F /* IpTextBox.hpp */,
				28F2AA681BE69E6400F7227F /* MultiplayerPage.cpp */,
				28F2AA691BE69E6400F7227F /* MultiplayerPage.hpp */,
				28F2AA6A1BE69E6400F7227F /* Page.cpp */,
				28F2AA6B1BE69E6400F7227F /* PortTextBox.cpp */,
				28F2AA6C1BE69E6400F7227F /* PortTextBox.hpp */,
				28F2AA6D1BE69E6400F7227F /* TextBox.cpp */,
			);
			name = Menu;
			sourceTree = "<group>";
		};
/* End PBXGroup section */

/* Begin PBXNativeTarget section */
		28434CFD1B753036008A51AC /* GamerServerClientCombo */ = {
			isa = PBXNativeTarget;
			buildConfigurationList = 28434D131B753037008A51AC /* Build configuration list for PBXNativeTarget "GamerServerClientCombo" */;
			buildPhases = (
				28434CF91B753036008A51AC /* Sources */,
				28434CFA1B753036008A51AC /* Frameworks */,
				28434CFB1B753036008A51AC /* Resources */,
				28434CFC1B753036008A51AC /* ShellScript */,
			);
			buildRules = (
			);
			dependencies = (
			);
			name = GamerServerClientCombo;
			productName = GamerServerClientCombo;
			productReference = 28434CFE1B753036008A51AC /* GamerServerClientCombo.app */;
			productType = "com.apple.product-type.application";
		};
/* End PBXNativeTarget section */

/* Begin PBXProject section */
		28434CF51B753036008A51AC /* Project object */ = {
			isa = PBXProject;
			attributes = {
				LastUpgradeCheck = 0700;
				ORGANIZATIONNAME = "Thomas Redding";
				TargetAttributes = {
					28434CFD1B753036008A51AC = {
						CreatedOnToolsVersion = 7.0;
					};
				};
			};
			buildConfigurationList = 28434CF81B753036008A51AC /* Build configuration list for PBXProject "GamerServerClientCombo" */;
			compatibilityVersion = "Xcode 3.2";
			developmentRegion = English;
			hasScannedForEncodings = 0;
			knownRegions = (
				en,
			);
			mainGroup = 28434CF41B753036008A51AC;
			productRefGroup = 28434CFF1B753036008A51AC /* Products */;
			projectDirPath = "";
			projectRoot = "";
			targets = (
				28434CFD1B753036008A51AC /* GamerServerClientCombo */,
			);
		};
/* End PBXProject section */

/* Begin PBXResourcesBuildPhase section */
		28434CFB1B753036008A51AC /* Resources */ = {
			isa = PBXResourcesBuildPhase;
			buildActionMask = 2147483647;
			files = (
				28434D101B753037008A51AC /* icon.png in Resources */,
				28434D0E1B753037008A51AC /* sansation.ttf in Resources */,
				28316C0B1BD2A36300CBFE63 /* alpha.txt in Resources */,
			);
			runOnlyForDeploymentPostprocessing = 0;
		};
/* End PBXResourcesBuildPhase section */

/* Begin PBXShellScriptBuildPhase section */
		28434CFC1B753036008A51AC /* ShellScript */ = {
			isa = PBXShellScriptBuildPhase;
			buildActionMask = 2147483647;
			files = (
			);
			inputPaths = (
			);
			outputPaths = (
			);
			runOnlyForDeploymentPostprocessing = 0;
			shellPath = /bin/sh;
			shellScript = "# This shell script simply copies required SFML dylibs/frameworks into the application bundle frameworks folder.\n# If you're using static libraries (which is not recommended) you should remove this script from your project.\n\n# Are we building a project that uses frameworks or dylibs?\ncase \"$SFML_BINARY_TYPE\" in\n    DYLIBS)\n        frameworks=\"false\"\n        ;;\n    *)\n        frameworks=\"true\"\n        ;;\nesac\n\n# Echoes to stderr\nerror () # $* message to display\n{\n    echo $* 1>&2\n    exit 2\n}\n\nassert () # $1 is a boolean, $2...N is an error message\n{\n    if [ $# -lt 2 ]\n    then\n        error \"Internal error in assert : not enough args\"\n    fi\n\n    if [ $1 -ne 0 ]\n    then\n        shift\n        error \"$*\"\n    fi\n}\n\nforce_remove () # $@ is some paths\n{\n    test $# -ge 1\n    assert $? \"force_remove() requires at least one parameter\"\n    rm -fr $@\n    assert $? \"couldn't remove $@\"\n}\n\ncopy () # $1 is a source, $2 is a destination\n{\n    test $# -eq 2\n    assert $? \"copy() requires two parameters\"\n    ditto \"$1\" \"$2\"\n    assert $? \"couldn't copy $1 to $2\"\n}\n\nrequire () # $1 is a SFML module like 'system' or 'audio'\n{\n    dest=\"$BUILT_PRODUCTS_DIR/$PRODUCT_NAME.app/Contents/Frameworks\"\n\n    if [ -z \"$1\" ]\n    then\n        error \"require() requires one parameter!\"\n    else\n        # clean potentially old stuff\n        force_remove \"$dest/libsfml-$1\"*\n        force_remove \"$dest/sfml-$1.framework\"\n\n        # copy SFML libraries\n        if [ \"$frameworks\" = \"true\" ]\n        then\n            source=\"/Library/Frameworks/sfml-$1.framework\"\n            target=\"sfml-$1.framework\"\n        elif [ \"$SFML_LINK_DYLIBS_SUFFIX\" = \"-d\" ]\n        then\n            source=\"/usr/local/lib/libsfml-$1-d.dylib\"\n            target=\"`readlink $source`\"\n        else\n            source=\"/usr/local/lib/libsfml-$1.dylib\"\n            target=\"`readlink $source`\"\n        fi\n\n        copy \"$source\" \"$dest/$target\"\n\n        # copy extra dependencies\n        if [ \"$1\" = \"audio\" ]\n        then\n            # copy sndfile framework too\n            copy \"/Library/Frameworks/sndfile.framework\" \"$dest/sndfile.framework\"\n        elif [ \"$1\" = \"graphics\" ]\n        then\n            # copy freetype framework too\n            copy \"/Library/Frameworks/freetype.framework\" \"$dest/freetype.framework\"\n        fi\n    fi\n}\n\nif [ -n \"$SFML_SYSTEM\" ]\nthen\n    require \"system\"\nfi\n\nif [ -n \"$SFML_AUDIO\" ]\nthen\n    require \"audio\"\nfi\n\nif [ -n \"$SFML_NETWORK\" ]\nthen\n    require \"network\"\nfi\n\nif [ -n \"$SFML_WINDOW\" ]\nthen\n    require \"window\"\nfi\n\nif [ -n \"$SFML_GRAPHICS\" ]\nthen\n    require \"graphics\"\nfi\n\n                ";
		};
/* End PBXShellScriptBuildPhase section */

/* Begin PBXSourcesBuildPhase section */
		28434CF91B753036008A51AC /* Sources */ = {
			isa = PBXSourcesBuildPhase;
			buildActionMask = 2147483647;
			files = (
				287BE2291BCAE86F0012EDE4 /* NetworkClient.cpp in Sources */,
				28F2AA7F1BE69F7100F7227F /* Graph.cpp in Sources */,
				28A52A841BC41171001ED83C /* View.cpp in Sources */,
				28F2AA6E1BE69E6400F7227F /* Button.cpp in Sources */,
				28F2AA711BE69E6400F7227F /* HomePage.cpp in Sources */,
				28F2AA781BE69E7B00F7227F /* Client.cpp in Sources */,
				28F2AA571BE69E3F00F7227F /* GameServer.cpp in Sources */,
				28F2AA741BE69E6400F7227F /* Page.cpp in Sources */,
				28F2AA701BE69E6400F7227F /* ClientPage.cpp in Sources */,
				28F2AA761BE69E6400F7227F /* TextBox.cpp in Sources */,
				28F2AA721BE69E6400F7227F /* IpTextBox.cpp in Sources */,
				28F2AA591BE69E3F00F7227F /* ServerPage.cpp in Sources */,
				28F2AA521BE69E2A00F7227F /* GameClient.cpp in Sources */,
				287BE2281BCAE86F0012EDE4 /* main.cpp in Sources */,
				28F2AA751BE69E6400F7227F /* PortTextBox.cpp in Sources */,
				28316C201BD2F70D00CBFE63 /* BotSoldierSystem.cpp in Sources */,
				28F2AA6F1BE69E6400F7227F /* ClientMatchmakingPage.cpp in Sources */,
				28A52A811BC4113C001ED83C /* SystemsHandler.cpp in Sources */,
				28F2AA581BE69E3F00F7227F /* Server.cpp in Sources */,
				283004341BD453FC0000910C /* util.cpp in Sources */,
				287BE22C1BCAE86F0012EDE4 /* TcpServer.cpp in Sources */,
				28316C1D1BD2F69F00CBFE63 /* PlayerSystem.cpp in Sources */,
				28CB38F81BCB1FFF006B1BFA /* ResourcePath.mm in Sources */,
				287BE22A1BCAE86F0012EDE4 /* NetworkServer.cpp in Sources */,
				28F2AA731BE69E6400F7227F /* MultiplayerPage.cpp in Sources */,
				28316C111BD2A62200CBFE63 /* MapSystem.cpp in Sources */,
				287BE22B1BCAE86F0012EDE4 /* ServerCommunicator.cpp in Sources */,
			);
			runOnlyForDeploymentPostprocessing = 0;
		};
/* End PBXSourcesBuildPhase section */

/* Begin XCBuildConfiguration section */
		28434D111B753037008A51AC /* Debug */ = {
			isa = XCBuildConfiguration;
			buildSettings = {
				ARCHS = (
					i386,
					x86_64,
				);
				CLANG_CXX_LANGUAGE_STANDARD = "c++0x";
				CLANG_CXX_LIBRARY = "libc++";
				FRAMEWORK_SEARCH_PATHS = (
					/Library/Frameworks/,
					"$(inherited)",
				);
				GCC_VERSION = com.apple.compilers.llvm.clang.1_0;
				HEADER_SEARCH_PATHS = (
					/usr/local/include/,
					"$(inherited)",
				);
				LIBRARY_SEARCH_PATHS = (
					/usr/local/lib/,
					"$(inherited)",
				);
				MACOSX_DEPLOYMENT_TARGET = 10.7;
				OTHER_LDFLAGS = (
					"$(inherited)",
					"$(SFML_SYSTEM)",
					"$(SFML_WINDOW)",
					"$(SFML_GRAPHICS)",
					"$(SFML_AUDIO)",
					"$(SFML_NETWORK)",
				);
				SFML_AUDIO = "$(SFML_LINK_PREFIX) sfml-audio$(SFML_LINK_SUFFIX)";
				SFML_BINARY_TYPE = FRAMEWORKS;
				SFML_GRAPHICS = "$(SFML_LINK_PREFIX) sfml-graphics$(SFML_LINK_SUFFIX)";
				SFML_LINK_DYLIBS_PREFIX = "-l";
				SFML_LINK_DYLIBS_SUFFIX = "";
				SFML_LINK_FRAMEWORKS_PREFIX = "-framework";
				SFML_LINK_FRAMEWORKS_SUFFIX = "";
				SFML_LINK_PREFIX = "$(SFML_LINK_$(SFML_BINARY_TYPE)_PREFIX)";
				SFML_LINK_SUFFIX = "$(SFML_LINK_$(SFML_BINARY_TYPE)_SUFFIX)";
				SFML_NETWORK = "$(SFML_LINK_PREFIX) sfml-network$(SFML_LINK_SUFFIX)";
				SFML_SYSTEM = "$(SFML_LINK_PREFIX) sfml-system$(SFML_LINK_SUFFIX)";
				SFML_WINDOW = "$(SFML_LINK_PREFIX) sfml-window$(SFML_LINK_SUFFIX)";
				SUPPORTED_PLATFORMS = macosx;
			};
			name = Debug;
		};
		28434D121B753037008A51AC /* Release */ = {
			isa = XCBuildConfiguration;
			buildSettings = {
				ARCHS = (
					i386,
					x86_64,
				);
				CLANG_CXX_LANGUAGE_STANDARD = "c++0x";
				CLANG_CXX_LIBRARY = "libc++";
				FRAMEWORK_SEARCH_PATHS = (
					/Library/Frameworks/,
					"$(inherited)",
				);
				GCC_VERSION = com.apple.compilers.llvm.clang.1_0;
				HEADER_SEARCH_PATHS = (
					/usr/local/include/,
					"$(inherited)",
				);
				LIBRARY_SEARCH_PATHS = (
					/usr/local/lib/,
					"$(inherited)",
				);
				MACOSX_DEPLOYMENT_TARGET = 10.7;
				OTHER_LDFLAGS = (
					"$(inherited)",
					"$(SFML_SYSTEM)",
					"$(SFML_WINDOW)",
					"$(SFML_GRAPHICS)",
					"$(SFML_AUDIO)",
					"$(SFML_NETWORK)",
				);
				SFML_AUDIO = "$(SFML_LINK_PREFIX) sfml-audio$(SFML_LINK_SUFFIX)";
				SFML_BINARY_TYPE = FRAMEWORKS;
				SFML_GRAPHICS = "$(SFML_LINK_PREFIX) sfml-graphics$(SFML_LINK_SUFFIX)";
				SFML_LINK_DYLIBS_PREFIX = "-l";
				SFML_LINK_DYLIBS_SUFFIX = "";
				SFML_LINK_FRAMEWORKS_PREFIX = "-framework";
				SFML_LINK_FRAMEWORKS_SUFFIX = "";
				SFML_LINK_PREFIX = "$(SFML_LINK_$(SFML_BINARY_TYPE)_PREFIX)";
				SFML_LINK_SUFFIX = "$(SFML_LINK_$(SFML_BINARY_TYPE)_SUFFIX)";
				SFML_NETWORK = "$(SFML_LINK_PREFIX) sfml-network$(SFML_LINK_SUFFIX)";
				SFML_SYSTEM = "$(SFML_LINK_PREFIX) sfml-system$(SFML_LINK_SUFFIX)";
				SFML_WINDOW = "$(SFML_LINK_PREFIX) sfml-window$(SFML_LINK_SUFFIX)";
				SUPPORTED_PLATFORMS = macosx;
			};
			name = Release;
		};
		28434D141B753037008A51AC /* Debug */ = {
			isa = XCBuildConfiguration;
			buildSettings = {
				INFOPLIST_FILE = "GamerServerClientCombo/GamerServerClientCombo-Info.plist";
				LD_RUNPATH_SEARCH_PATHS = "@loader_path/../Frameworks";
				PRODUCT_NAME = "$(TARGET_NAME)";
			};
			name = Debug;
		};
		28434D151B753037008A51AC /* Release */ = {
			isa = XCBuildConfiguration;
			buildSettings = {
				INFOPLIST_FILE = "GamerServerClientCombo/GamerServerClientCombo-Info.plist";
				LD_RUNPATH_SEARCH_PATHS = "@loader_path/../Frameworks";
				PRODUCT_NAME = "$(TARGET_NAME)";
			};
			name = Release;
		};
/* End XCBuildConfiguration section */

/* Begin XCConfigurationList section */
		28434CF81B753036008A51AC /* Build configuration list for PBXProject "GamerServerClientCombo" */ = {
			isa = XCConfigurationList;
			buildConfigurations = (
				28434D111B753037008A51AC /* Debug */,
				28434D121B753037008A51AC /* Release */,
			);
			defaultConfigurationIsVisible = 0;
			defaultConfigurationName = Release;
		};
		28434D131B753037008A51AC /* Build configuration list for PBXNativeTarget "GamerServerClientCombo" */ = {
			isa = XCConfigurationList;
			buildConfigurations = (
				28434D141B753037008A51AC /* Debug */,
				28434D151B753037008A51AC /* Release */,
			);
			defaultConfigurationIsVisible = 0;
			defaultConfigurationName = Release;
		};
/* End XCConfigurationList section */
	};
	rootObject = 28434CF51B753036008A51AC /* Project object */;
}
