// !$*UTF8*$!
{
	archiveVersion = 1;
	classes = {
	};
	objectVersion = 46;
	objects = {

/* Begin PBXBuildFile section */
		282329931B75313100CF7A30 /* Client.cpp in Sources */ = {isa = PBXBuildFile; fileRef = 282329911B75313100CF7A30 /* Client.cpp */; };
		282329991B75380A00CF7A30 /* Server.cpp in Sources */ = {isa = PBXBuildFile; fileRef = 282329971B75380A00CF7A30 /* Server.cpp */; };
		28434D0E1B753037008A51AC /* sansation.ttf in Resources */ = {isa = PBXBuildFile; fileRef = 28434D0D1B753037008A51AC /* sansation.ttf */; };
		28434D101B753037008A51AC /* icon.png in Resources */ = {isa = PBXBuildFile; fileRef = 28434D0F1B753037008A51AC /* icon.png */; };
		28CB660F1B9DD67F00833E69 /* main.cpp in Sources */ = {isa = PBXBuildFile; fileRef = 28CB66041B9DD67F00833E69 /* main.cpp */; };
		28CB66101B9DD67F00833E69 /* NetworkClient.cpp in Sources */ = {isa = PBXBuildFile; fileRef = 28CB66051B9DD67F00833E69 /* NetworkClient.cpp */; };
		28CB66111B9DD67F00833E69 /* NetworkServer.cpp in Sources */ = {isa = PBXBuildFile; fileRef = 28CB66071B9DD67F00833E69 /* NetworkServer.cpp */; };
		28CB66131B9DD67F00833E69 /* ServerCommunicator.cpp in Sources */ = {isa = PBXBuildFile; fileRef = 28CB660B1B9DD67F00833E69 /* ServerCommunicator.cpp */; };
		28CB66141B9DD67F00833E69 /* TcpServer.cpp in Sources */ = {isa = PBXBuildFile; fileRef = 28CB660D1B9DD67F00833E69 /* TcpServer.cpp */; };
		28CB66171B9DD6B700833E69 /* ResourcePath.mm in Sources */ = {isa = PBXBuildFile; fileRef = 28CB66151B9DD6B700833E69 /* ResourcePath.mm */; };
/* End PBXBuildFile section */

/* Begin PBXFileReference section */
		282329911B75313100CF7A30 /* Client.cpp */ = {isa = PBXFileReference; fileEncoding = 4; lastKnownFileType = sourcecode.cpp.cpp; path = Client.cpp; sourceTree = "<group>"; };
		282329921B75313100CF7A30 /* Client.hpp */ = {isa = PBXFileReference; fileEncoding = 4; lastKnownFileType = sourcecode.cpp.h; path = Client.hpp; sourceTree = "<group>"; };
		282329971B75380A00CF7A30 /* Server.cpp */ = {isa = PBXFileReference; fileEncoding = 4; lastKnownFileType = sourcecode.cpp.cpp; path = Server.cpp; sourceTree = "<group>"; };
		282329981B75380A00CF7A30 /* Server.hpp */ = {isa = PBXFileReference; fileEncoding = 4; lastKnownFileType = sourcecode.cpp.h; path = Server.hpp; sourceTree = "<group>"; };
		28434CFE1B753036008A51AC /* GamerServerClientCombo.app */ = {isa = PBXFileReference; explicitFileType = wrapper.application; includeInIndex = 0; path = GamerServerClientCombo.app; sourceTree = BUILT_PRODUCTS_DIR; };
		28434D021B753036008A51AC /* GamerServerClientCombo-Info.plist */ = {isa = PBXFileReference; lastKnownFileType = text.plist.xml; path = "GamerServerClientCombo-Info.plist"; sourceTree = "<group>"; };
		28434D0D1B753037008A51AC /* sansation.ttf */ = {isa = PBXFileReference; lastKnownFileType = file; path = sansation.ttf; sourceTree = "<group>"; };
		28434D0F1B753037008A51AC /* icon.png */ = {isa = PBXFileReference; lastKnownFileType = image.png; path = icon.png; sourceTree = "<group>"; };
		28CB66041B9DD67F00833E69 /* main.cpp */ = {isa = PBXFileReference; fileEncoding = 4; lastKnownFileType = sourcecode.cpp.cpp; path = main.cpp; sourceTree = "<group>"; };
		28CB66051B9DD67F00833E69 /* NetworkClient.cpp */ = {isa = PBXFileReference; fileEncoding = 4; lastKnownFileType = sourcecode.cpp.cpp; path = NetworkClient.cpp; sourceTree = "<group>"; };
		28CB66061B9DD67F00833E69 /* NetworkClient.hpp */ = {isa = PBXFileReference; fileEncoding = 4; lastKnownFileType = sourcecode.cpp.h; path = NetworkClient.hpp; sourceTree = "<group>"; };
		28CB66071B9DD67F00833E69 /* NetworkServer.cpp */ = {isa = PBXFileReference; fileEncoding = 4; lastKnownFileType = sourcecode.cpp.cpp; path = NetworkServer.cpp; sourceTree = "<group>"; };
		28CB66081B9DD67F00833E69 /* NetworkServer.hpp */ = {isa = PBXFileReference; fileEncoding = 4; lastKnownFileType = sourcecode.cpp.h; path = NetworkServer.hpp; sourceTree = "<group>"; };
		28CB660B1B9DD67F00833E69 /* ServerCommunicator.cpp */ = {isa = PBXFileReference; fileEncoding = 4; lastKnownFileType = sourcecode.cpp.cpp; path = ServerCommunicator.cpp; sourceTree = "<group>"; };
		28CB660C1B9DD67F00833E69 /* ServerCommunicator.hpp */ = {isa = PBXFileReference; fileEncoding = 4; lastKnownFileType = sourcecode.cpp.h; path = ServerCommunicator.hpp; sourceTree = "<group>"; };
		28CB660D1B9DD67F00833E69 /* TcpServer.cpp */ = {isa = PBXFileReference; fileEncoding = 4; lastKnownFileType = sourcecode.cpp.cpp; path = TcpServer.cpp; sourceTree = "<group>"; };
		28CB660E1B9DD67F00833E69 /* TcpServer.hpp */ = {isa = PBXFileReference; fileEncoding = 4; lastKnownFileType = sourcecode.cpp.h; path = TcpServer.hpp; sourceTree = "<group>"; };
		28CB66151B9DD6B700833E69 /* ResourcePath.mm */ = {isa = PBXFileReference; fileEncoding = 4; lastKnownFileType = sourcecode.cpp.objcpp; path = ResourcePath.mm; sourceTree = "<group>"; };
		28CB66161B9DD6B700833E69 /* ResourcePath.hpp */ = {isa = PBXFileReference; fileEncoding = 4; lastKnownFileType = sourcecode.cpp.h; path = ResourcePath.hpp; sourceTree = "<group>"; };
/* End PBXFileReference section */

/* Begin PBXFrameworksBuildPhase section */
		28434CFA1B753036008A51AC /* Frameworks */ = {
			isa = PBXFrameworksBuildPhase;
			buildActionMask = 2147483647;
			files = (
			);
			runOnlyForDeploymentPostprocessing = 0;
		};
/* End PBXFrameworksBuildPhase section */

/* Begin PBXGroup section */
		28434CF41B753036008A51AC = {
			isa = PBXGroup;
			children = (
				28434D001B753036008A51AC /* GamerServerClientCombo */,
				28434CFF1B753036008A51AC /* Products */,
			);
			sourceTree = "<group>";
		};
		28434CFF1B753036008A51AC /* Products */ = {
			isa = PBXGroup;
			children = (
				28434CFE1B753036008A51AC /* GamerServerClientCombo.app */,
			);
			name = Products;
			sourceTree = "<group>";
		};
		28434D001B753036008A51AC /* GamerServerClientCombo */ = {
			isa = PBXGroup;
			children = (
				282329911B75313100CF7A30 /* Client.cpp */,
				282329921B75313100CF7A30 /* Client.hpp */,
				28CB66151B9DD6B700833E69 /* ResourcePath.mm */,
				28CB66161B9DD6B700833E69 /* ResourcePath.hpp */,
				282329971B75380A00CF7A30 /* Server.cpp */,
				282329981B75380A00CF7A30 /* Server.hpp */,
				28CB66031B9DD67F00833E69 /* Ignore Me */,
				28434D081B753036008A51AC /* Resources */,
				28434D011B753036008A51AC /* Supporting Files */,
			);
			path = GamerServerClientCombo;
			sourceTree = "<group>";
		};
		28434D011B753036008A51AC /* Supporting Files */ = {
			isa = PBXGroup;
			children = (
				28434D021B753036008A51AC /* GamerServerClientCombo-Info.plist */,
			);
			name = "Supporting Files";
			sourceTree = "<group>";
		};
		28434D081B753036008A51AC /* Resources */ = {
			isa = PBXGroup;
			children = (
				28434D0D1B753037008A51AC /* sansation.ttf */,
				28434D0F1B753037008A51AC /* icon.png */,
			);
			name = Resources;
			sourceTree = "<group>";
		};
		28CB66031B9DD67F00833E69 /* Ignore Me */ = {
			isa = PBXGroup;
			children = (
				28CB66041B9DD67F00833E69 /* main.cpp */,
				28CB66051B9DD67F00833E69 /* NetworkClient.cpp */,
				28CB66061B9DD67F00833E69 /* NetworkClient.hpp */,
				28CB66071B9DD67F00833E69 /* NetworkServer.cpp */,
				28CB66081B9DD67F00833E69 /* NetworkServer.hpp */,
				28CB660B1B9DD67F00833E69 /* ServerCommunicator.cpp */,
				28CB660C1B9DD67F00833E69 /* ServerCommunicator.hpp */,
				28CB660D1B9DD67F00833E69 /* TcpServer.cpp */,
				28CB660E1B9DD67F00833E69 /* TcpServer.hpp */,
			);
			path = "Ignore Me";
			sourceTree = "<group>";
		};
/* End PBXGroup section */

/* Begin PBXNativeTarget section */
		28434CFD1B753036008A51AC /* GamerServerClientCombo */ = {
			isa = PBXNativeTarget;
			buildConfigurationList = 28434D131B753037008A51AC /* Build configuration list for PBXNativeTarget "GamerServerClientCombo" */;
			buildPhases = (
				28434CF91B753036008A51AC /* Sources */,
				28434CFA1B753036008A51AC /* Frameworks */,
				28434CFB1B753036008A51AC /* Resources */,
				28434CFC1B753036008A51AC /* ShellScript */,
			);
			buildRules = (
			);
			dependencies = (
			);
			name = GamerServerClientCombo;
			productName = GamerServerClientCombo;
			productReference = 28434CFE1B753036008A51AC /* GamerServerClientCombo.app */;
			productType = "com.apple.product-type.application";
		};
/* End PBXNativeTarget section */

/* Begin PBXProject section */
		28434CF51B753036008A51AC /* Project object */ = {
			isa = PBXProject;
			attributes = {
				LastUpgradeCheck = 0700;
				ORGANIZATIONNAME = "Thomas Redding";
				TargetAttributes = {
					28434CFD1B753036008A51AC = {
						CreatedOnToolsVersion = 7.0;
					};
				};
			};
			buildConfigurationList = 28434CF81B753036008A51AC /* Build configuration list for PBXProject "GamerServerClientCombo" */;
			compatibilityVersion = "Xcode 3.2";
			developmentRegion = English;
			hasScannedForEncodings = 0;
			knownRegions = (
				en,
			);
			mainGroup = 28434CF41B753036008A51AC;
			productRefGroup = 28434CFF1B753036008A51AC /* Products */;
			projectDirPath = "";
			projectRoot = "";
			targets = (
				28434CFD1B753036008A51AC /* GamerServerClientCombo */,
			);
		};
/* End PBXProject section */

/* Begin PBXResourcesBuildPhase section */
		28434CFB1B753036008A51AC /* Resources */ = {
			isa = PBXResourcesBuildPhase;
			buildActionMask = 2147483647;
			files = (
				28434D101B753037008A51AC /* icon.png in Resources */,
				28434D0E1B753037008A51AC /* sansation.ttf in Resources */,
			);
			runOnlyForDeploymentPostprocessing = 0;
		};
/* End PBXResourcesBuildPhase section */

/* Begin PBXShellScriptBuildPhase section */
		28434CFC1B753036008A51AC /* ShellScript */ = {
			isa = PBXShellScriptBuildPhase;
			buildActionMask = 2147483647;
			files = (
			);
			inputPaths = (
			);
			outputPaths = (
			);
			runOnlyForDeploymentPostprocessing = 0;
			shellPath = /bin/sh;
			shellScript = "# This shell script simply copies required SFML dylibs/frameworks into the application bundle frameworks folder.\n# If you're using static libraries (which is not recommended) you should remove this script from your project.\n\n# Are we building a project that uses frameworks or dylibs?\ncase \"$SFML_BINARY_TYPE\" in\n    DYLIBS)\n        frameworks=\"false\"\n        ;;\n    *)\n        frameworks=\"true\"\n        ;;\nesac\n\n# Echoes to stderr\nerror () # $* message to display\n{\n    echo $* 1>&2\n    exit 2\n}\n\nassert () # $1 is a boolean, $2...N is an error message\n{\n    if [ $# -lt 2 ]\n    then\n        error \"Internal error in assert : not enough args\"\n    fi\n\n    if [ $1 -ne 0 ]\n    then\n        shift\n        error \"$*\"\n    fi\n}\n\nforce_remove () # $@ is some paths\n{\n    test $# -ge 1\n    assert $? \"force_remove() requires at least one parameter\"\n    rm -fr $@\n    assert $? \"couldn't remove $@\"\n}\n\ncopy () # $1 is a source, $2 is a destination\n{\n    test $# -eq 2\n    assert $? \"copy() requires two parameters\"\n    ditto \"$1\" \"$2\"\n    assert $? \"couldn't copy $1 to $2\"\n}\n\nrequire () # $1 is a SFML module like 'system' or 'audio'\n{\n    dest=\"$BUILT_PRODUCTS_DIR/$PRODUCT_NAME.app/Contents/Frameworks\"\n\n    if [ -z \"$1\" ]\n    then\n        error \"require() requires one parameter!\"\n    else\n        # clean potentially old stuff\n        force_remove \"$dest/libsfml-$1\"*\n        force_remove \"$dest/sfml-$1.framework\"\n\n        # copy SFML libraries\n        if [ \"$frameworks\" = \"true\" ]\n        then\n            source=\"/Library/Frameworks/sfml-$1.framework\"\n            target=\"sfml-$1.framework\"\n        elif [ \"$SFML_LINK_DYLIBS_SUFFIX\" = \"-d\" ]\n        then\n            source=\"/usr/local/lib/libsfml-$1-d.dylib\"\n            target=\"`readlink $source`\"\n        else\n            source=\"/usr/local/lib/libsfml-$1.dylib\"\n            target=\"`readlink $source`\"\n        fi\n\n        copy \"$source\" \"$dest/$target\"\n\n        # copy extra dependencies\n        if [ \"$1\" = \"audio\" ]\n        then\n            # copy sndfile framework too\n            copy \"/Library/Frameworks/sndfile.framework\" \"$dest/sndfile.framework\"\n        elif [ \"$1\" = \"graphics\" ]\n        then\n            # copy freetype framework too\n            copy \"/Library/Frameworks/freetype.framework\" \"$dest/freetype.framework\"\n        fi\n    fi\n}\n\nif [ -n \"$SFML_SYSTEM\" ]\nthen\n    require \"system\"\nfi\n\nif [ -n \"$SFML_AUDIO\" ]\nthen\n    require \"audio\"\nfi\n\nif [ -n \"$SFML_NETWORK\" ]\nthen\n    require \"network\"\nfi\n\nif [ -n \"$SFML_WINDOW\" ]\nthen\n    require \"window\"\nfi\n\nif [ -n \"$SFML_GRAPHICS\" ]\nthen\n    require \"graphics\"\nfi\n\n                ";
		};
/* End PBXShellScriptBuildPhase section */

/* Begin PBXSourcesBuildPhase section */
		28434CF91B753036008A51AC /* Sources */ = {
			isa = PBXSourcesBuildPhase;
			buildActionMask = 2147483647;
			files = (
				282329991B75380A00CF7A30 /* Server.cpp in Sources */,
				28CB660F1B9DD67F00833E69 /* main.cpp in Sources */,
				282329931B75313100CF7A30 /* Client.cpp in Sources */,
				28CB66141B9DD67F00833E69 /* TcpServer.cpp in Sources */,
				28CB66171B9DD6B700833E69 /* ResourcePath.mm in Sources */,
				28CB66101B9DD67F00833E69 /* NetworkClient.cpp in Sources */,
				28CB66111B9DD67F00833E69 /* NetworkServer.cpp in Sources */,
				28CB66131B9DD67F00833E69 /* ServerCommunicator.cpp in Sources */,
			);
			runOnlyForDeploymentPostprocessing = 0;
		};
/* End PBXSourcesBuildPhase section */

/* Begin XCBuildConfiguration section */
		28434D111B753037008A51AC /* Debug */ = {
			isa = XCBuildConfiguration;
			buildSettings = {
				ARCHS = (
					i386,
					x86_64,
				);
				CLANG_CXX_LANGUAGE_STANDARD = "c++0x";
				CLANG_CXX_LIBRARY = "libc++";
				FRAMEWORK_SEARCH_PATHS = (
					/Library/Frameworks/,
					"$(inherited)",
				);
				GCC_VERSION = com.apple.compilers.llvm.clang.1_0;
				HEADER_SEARCH_PATHS = (
					/usr/local/include/,
					"$(inherited)",
				);
				LIBRARY_SEARCH_PATHS = (
					/usr/local/lib/,
					"$(inherited)",
				);
				MACOSX_DEPLOYMENT_TARGET = 10.7;
				OTHER_LDFLAGS = (
					"$(inherited)",
					"$(SFML_SYSTEM)",
					"$(SFML_WINDOW)",
					"$(SFML_GRAPHICS)",
					"$(SFML_AUDIO)",
					"$(SFML_NETWORK)",
				);
				SFML_AUDIO = "$(SFML_LINK_PREFIX) sfml-audio$(SFML_LINK_SUFFIX)";
				SFML_BINARY_TYPE = FRAMEWORKS;
				SFML_GRAPHICS = "$(SFML_LINK_PREFIX) sfml-graphics$(SFML_LINK_SUFFIX)";
				SFML_LINK_DYLIBS_PREFIX = "-l";
				SFML_LINK_DYLIBS_SUFFIX = "";
				SFML_LINK_FRAMEWORKS_PREFIX = "-framework";
				SFML_LINK_FRAMEWORKS_SUFFIX = "";
				SFML_LINK_PREFIX = "$(SFML_LINK_$(SFML_BINARY_TYPE)_PREFIX)";
				SFML_LINK_SUFFIX = "$(SFML_LINK_$(SFML_BINARY_TYPE)_SUFFIX)";
				SFML_NETWORK = "$(SFML_LINK_PREFIX) sfml-network$(SFML_LINK_SUFFIX)";
				SFML_SYSTEM = "$(SFML_LINK_PREFIX) sfml-system$(SFML_LINK_SUFFIX)";
				SFML_WINDOW = "$(SFML_LINK_PREFIX) sfml-window$(SFML_LINK_SUFFIX)";
				SUPPORTED_PLATFORMS = macosx;
			};
			name = Debug;
		};
		28434D121B753037008A51AC /* Release */ = {
			isa = XCBuildConfiguration;
			buildSettings = {
				ARCHS = (
					i386,
					x86_64,
				);
				CLANG_CXX_LANGUAGE_STANDARD = "c++0x";
				CLANG_CXX_LIBRARY = "libc++";
				FRAMEWORK_SEARCH_PATHS = (
					/Library/Frameworks/,
					"$(inherited)",
				);
				GCC_VERSION = com.apple.compilers.llvm.clang.1_0;
				HEADER_SEARCH_PATHS = (
					/usr/local/include/,
					"$(inherited)",
				);
				LIBRARY_SEARCH_PATHS = (
					/usr/local/lib/,
					"$(inherited)",
				);
				MACOSX_DEPLOYMENT_TARGET = 10.7;
				OTHER_LDFLAGS = (
					"$(inherited)",
					"$(SFML_SYSTEM)",
					"$(SFML_WINDOW)",
					"$(SFML_GRAPHICS)",
					"$(SFML_AUDIO)",
					"$(SFML_NETWORK)",
				);
				SFML_AUDIO = "$(SFML_LINK_PREFIX) sfml-audio$(SFML_LINK_SUFFIX)";
				SFML_BINARY_TYPE = FRAMEWORKS;
				SFML_GRAPHICS = "$(SFML_LINK_PREFIX) sfml-graphics$(SFML_LINK_SUFFIX)";
				SFML_LINK_DYLIBS_PREFIX = "-l";
				SFML_LINK_DYLIBS_SUFFIX = "";
				SFML_LINK_FRAMEWORKS_PREFIX = "-framework";
				SFML_LINK_FRAMEWORKS_SUFFIX = "";
				SFML_LINK_PREFIX = "$(SFML_LINK_$(SFML_BINARY_TYPE)_PREFIX)";
				SFML_LINK_SUFFIX = "$(SFML_LINK_$(SFML_BINARY_TYPE)_SUFFIX)";
				SFML_NETWORK = "$(SFML_LINK_PREFIX) sfml-network$(SFML_LINK_SUFFIX)";
				SFML_SYSTEM = "$(SFML_LINK_PREFIX) sfml-system$(SFML_LINK_SUFFIX)";
				SFML_WINDOW = "$(SFML_LINK_PREFIX) sfml-window$(SFML_LINK_SUFFIX)";
				SUPPORTED_PLATFORMS = macosx;
			};
			name = Release;
		};
		28434D141B753037008A51AC /* Debug */ = {
			isa = XCBuildConfiguration;
			buildSettings = {
				INFOPLIST_FILE = "GamerServerClientCombo/GamerServerClientCombo-Info.plist";
				LD_RUNPATH_SEARCH_PATHS = "@loader_path/../Frameworks";
				PRODUCT_NAME = "$(TARGET_NAME)";
			};
			name = Debug;
		};
		28434D151B753037008A51AC /* Release */ = {
			isa = XCBuildConfiguration;
			buildSettings = {
				INFOPLIST_FILE = "GamerServerClientCombo/GamerServerClientCombo-Info.plist";
				LD_RUNPATH_SEARCH_PATHS = "@loader_path/../Frameworks";
				PRODUCT_NAME = "$(TARGET_NAME)";
			};
			name = Release;
		};
/* End XCBuildConfiguration section */

/* Begin XCConfigurationList section */
		28434CF81B753036008A51AC /* Build configuration list for PBXProject "GamerServerClientCombo" */ = {
			isa = XCConfigurationList;
			buildConfigurations = (
				28434D111B753037008A51AC /* Debug */,
				28434D121B753037008A51AC /* Release */,
			);
			defaultConfigurationIsVisible = 0;
			defaultConfigurationName = Release;
		};
		28434D131B753037008A51AC /* Build configuration list for PBXNativeTarget "GamerServerClientCombo" */ = {
			isa = XCConfigurationList;
			buildConfigurations = (
				28434D141B753037008A51AC /* Debug */,
				28434D151B753037008A51AC /* Release */,
			);
			defaultConfigurationIsVisible = 0;
			defaultConfigurationName = Release;
		};
/* End XCConfigurationList section */
	};
	rootObject = 28434CF51B753036008A51AC /* Project object */;
}
